// !$*UTF8*$!
{
	archiveVersion = 1;
	classes = {
	};
	objectVersion = 46;
	objects = {

/* Begin PBXBuildFile section */
		5E75559C1B8173D700AB9382 /* RoastGameViewController.m in Sources */ = {isa = PBXBuildFile; fileRef = 5E75559B1B8173D700AB9382 /* RoastGameViewController.m */; };
		5E75559F1B82D65000AB9382 /* SubmitRoastViewController.m in Sources */ = {isa = PBXBuildFile; fileRef = 5E75559E1B82D65000AB9382 /* SubmitRoastViewController.m */; };
		5EA55CA81B588517004AF7E4 /* main.m in Sources */ = {isa = PBXBuildFile; fileRef = 5EA55CA71B588517004AF7E4 /* main.m */; };
		5EA55CB11B588517004AF7E4 /* Main.storyboard in Resources */ = {isa = PBXBuildFile; fileRef = 5EA55CAF1B588517004AF7E4 /* Main.storyboard */; };
		5EA55CB31B588517004AF7E4 /* Images.xcassets in Resources */ = {isa = PBXBuildFile; fileRef = 5EA55CB21B588517004AF7E4 /* Images.xcassets */; };
		5EA55CB61B588517004AF7E4 /* LaunchScreen.xib in Resources */ = {isa = PBXBuildFile; fileRef = 5EA55CB41B588517004AF7E4 /* LaunchScreen.xib */; };
		5EA55CC21B588517004AF7E4 /* Roast_Me_Tests.m in Sources */ = {isa = PBXBuildFile; fileRef = 5EA55CC11B588517004AF7E4 /* Roast_Me_Tests.m */; };
		5EA55CD51B58862E004AF7E4 /* AppDelegate.m in Sources */ = {isa = PBXBuildFile; fileRef = 5EA55CD41B58862E004AF7E4 /* AppDelegate.m */; };
		5EA560EE1B59B3EA004AF7E4 /* AMLoginViewController.m in Sources */ = {isa = PBXBuildFile; fileRef = 5EA560E41B59B3EA004AF7E4 /* AMLoginViewController.m */; };
		5EA560EF1B59B3EA004AF7E4 /* BlurView.m in Sources */ = {isa = PBXBuildFile; fileRef = 5EA560E61B59B3EA004AF7E4 /* BlurView.m */; };
		5EA560F01B59B3EA004AF7E4 /* demoVideo.mp4 in Resources */ = {isa = PBXBuildFile; fileRef = 5EA560E71B59B3EA004AF7E4 /* demoVideo.mp4 */; };
		5ED7118C1B92C05300D79190 /* Titillium-Regular.otf in Resources */ = {isa = PBXBuildFile; fileRef = 5ED7118B1B92C05300D79190 /* Titillium-Regular.otf */; };
		5ED9BAFD1B8413A9004D1642 /* MainMenuSideViewController.m in Sources */ = {isa = PBXBuildFile; fileRef = 5ED9BAFC1B8413A9004D1642 /* MainMenuSideViewController.m */; };
		5ED9BB031B849B91004D1642 /* LobbyViewController.m in Sources */ = {isa = PBXBuildFile; fileRef = 5ED9BB021B849B91004D1642 /* LobbyViewController.m */; };
		5ED9BB081B85540A004D1642 /* Accounts.framework in Frameworks */ = {isa = PBXBuildFile; fileRef = 5ED9BB071B85540A004D1642 /* Accounts.framework */; };
		5ED9BB0A1B855418004D1642 /* Social.framework in Frameworks */ = {isa = PBXBuildFile; fileRef = 5ED9BB091B855418004D1642 /* Social.framework */; };
		5EDD13361B9D4C6C0032454C /* RoastNavigationController.swift in Sources */ = {isa = PBXBuildFile; fileRef = 5EDD13351B9D4C6C0032454C /* RoastNavigationController.swift */; };
		5EDE702E1B8C294D00D147C5 /* usernameViewController.m in Sources */ = {isa = PBXBuildFile; fileRef = 5EDE702D1B8C294D00D147C5 /* usernameViewController.m */; };
		5EFC177C1B5DC4F600BAF475 /* FirstViewController.swift in Sources */ = {isa = PBXBuildFile; fileRef = 5EFC177B1B5DC4F600BAF475 /* FirstViewController.swift */; };
		60A249AAE895FA838C44BA8D /* Pods_Roast_Me_.framework in Frameworks */ = {isa = PBXBuildFile; fileRef = A00631621BBA95B24C7A35D2 /* Pods_Roast_Me_.framework */; settings = {ATTRIBUTES = (Weak, ); }; };
/* End PBXBuildFile section */

/* Begin PBXContainerItemProxy section */
		5EA55CBC1B588517004AF7E4 /* PBXContainerItemProxy */ = {
			isa = PBXContainerItemProxy;
			containerPortal = 5EA55C9A1B588516004AF7E4 /* Project object */;
			proxyType = 1;
			remoteGlobalIDString = 5EA55CA11B588516004AF7E4;
			remoteInfo = "Roast Me!";
		};
/* End PBXContainerItemProxy section */

/* Begin PBXFileReference section */
		5E75559A1B8173D700AB9382 /* RoastGameViewController.h */ = {isa = PBXFileReference; fileEncoding = 4; lastKnownFileType = sourcecode.c.h; path = RoastGameViewController.h; sourceTree = "<group>"; };
		5E75559B1B8173D700AB9382 /* RoastGameViewController.m */ = {isa = PBXFileReference; fileEncoding = 4; lastKnownFileType = sourcecode.c.objc; path = RoastGameViewController.m; sourceTree = "<group>"; };
		5E75559D1B82D65000AB9382 /* SubmitRoastViewController.h */ = {isa = PBXFileReference; fileEncoding = 4; lastKnownFileType = sourcecode.c.h; path = SubmitRoastViewController.h; sourceTree = "<group>"; };
		5E75559E1B82D65000AB9382 /* SubmitRoastViewController.m */ = {isa = PBXFileReference; fileEncoding = 4; lastKnownFileType = sourcecode.c.objc; path = SubmitRoastViewController.m; sourceTree = "<group>"; };
		5EA55CA21B588516004AF7E4 /* Roast Me!.app */ = {isa = PBXFileReference; explicitFileType = wrapper.application; includeInIndex = 0; path = "Roast Me!.app"; sourceTree = BUILT_PRODUCTS_DIR; };
		5EA55CA61B588517004AF7E4 /* Info.plist */ = {isa = PBXFileReference; lastKnownFileType = text.plist.xml; path = Info.plist; sourceTree = "<group>"; };
		5EA55CA71B588517004AF7E4 /* main.m */ = {isa = PBXFileReference; lastKnownFileType = sourcecode.c.objc; path = main.m; sourceTree = "<group>"; };
		5EA55CB01B588517004AF7E4 /* Base */ = {isa = PBXFileReference; lastKnownFileType = file.storyboard; name = Base; path = Base.lproj/Main.storyboard; sourceTree = "<group>"; };
		5EA55CB21B588517004AF7E4 /* Images.xcassets */ = {isa = PBXFileReference; lastKnownFileType = folder.assetcatalog; path = Images.xcassets; sourceTree = "<group>"; };
		5EA55CB51B588517004AF7E4 /* Base */ = {isa = PBXFileReference; lastKnownFileType = file.xib; name = Base; path = Base.lproj/LaunchScreen.xib; sourceTree = "<group>"; };
		5EA55CBB1B588517004AF7E4 /* Roast Me!Tests.xctest */ = {isa = PBXFileReference; explicitFileType = wrapper.cfbundle; includeInIndex = 0; path = "Roast Me!Tests.xctest"; sourceTree = BUILT_PRODUCTS_DIR; };
		5EA55CC01B588517004AF7E4 /* Info.plist */ = {isa = PBXFileReference; lastKnownFileType = text.plist.xml; path = Info.plist; sourceTree = "<group>"; };
		5EA55CC11B588517004AF7E4 /* Roast_Me_Tests.m */ = {isa = PBXFileReference; lastKnownFileType = sourcecode.c.objc; path = Roast_Me_Tests.m; sourceTree = "<group>"; };
		5EA55CD01B5885D8004AF7E4 /* Roast Me!-Bridging-Header.h */ = {isa = PBXFileReference; lastKnownFileType = sourcecode.c.h; path = "Roast Me!-Bridging-Header.h"; sourceTree = "<group>"; };
		5EA55CD31B58862E004AF7E4 /* AppDelegate.h */ = {isa = PBXFileReference; fileEncoding = 4; lastKnownFileType = sourcecode.c.h; path = AppDelegate.h; sourceTree = "<group>"; };
		5EA55CD41B58862E004AF7E4 /* AppDelegate.m */ = {isa = PBXFileReference; fileEncoding = 4; lastKnownFileType = sourcecode.c.objc; path = AppDelegate.m; sourceTree = "<group>"; };
		5EA560E31B59B3EA004AF7E4 /* AMLoginViewController.h */ = {isa = PBXFileReference; fileEncoding = 4; lastKnownFileType = sourcecode.c.h; name = AMLoginViewController.h; path = LoginVideo/AMLoginViewController.h; sourceTree = SOURCE_ROOT; };
		5EA560E41B59B3EA004AF7E4 /* AMLoginViewController.m */ = {isa = PBXFileReference; fileEncoding = 4; lastKnownFileType = sourcecode.c.objc; name = AMLoginViewController.m; path = LoginVideo/AMLoginViewController.m; sourceTree = SOURCE_ROOT; };
		5EA560E51B59B3EA004AF7E4 /* BlurView.h */ = {isa = PBXFileReference; fileEncoding = 4; lastKnownFileType = sourcecode.c.h; name = BlurView.h; path = LoginVideo/BlurView.h; sourceTree = SOURCE_ROOT; };
		5EA560E61B59B3EA004AF7E4 /* BlurView.m */ = {isa = PBXFileReference; fileEncoding = 4; lastKnownFileType = sourcecode.c.objc; name = BlurView.m; path = LoginVideo/BlurView.m; sourceTree = SOURCE_ROOT; };
		5EA560E71B59B3EA004AF7E4 /* demoVideo.mp4 */ = {isa = PBXFileReference; lastKnownFileType = file; name = demoVideo.mp4; path = LoginVideo/demoVideo.mp4; sourceTree = SOURCE_ROOT; };
		5ED7118B1B92C05300D79190 /* Titillium-Regular.otf */ = {isa = PBXFileReference; lastKnownFileType = file; path = "Titillium-Regular.otf"; sourceTree = "<group>"; };
		5ED9BAFB1B8413A9004D1642 /* MainMenuSideViewController.h */ = {isa = PBXFileReference; fileEncoding = 4; lastKnownFileType = sourcecode.c.h; path = MainMenuSideViewController.h; sourceTree = "<group>"; };
		5ED9BAFC1B8413A9004D1642 /* MainMenuSideViewController.m */ = {isa = PBXFileReference; fileEncoding = 4; lastKnownFileType = sourcecode.c.objc; path = MainMenuSideViewController.m; sourceTree = "<group>"; };
		5ED9BB011B849B91004D1642 /* LobbyViewController.h */ = {isa = PBXFileReference; fileEncoding = 4; lastKnownFileType = sourcecode.c.h; path = LobbyViewController.h; sourceTree = "<group>"; };
		5ED9BB021B849B91004D1642 /* LobbyViewController.m */ = {isa = PBXFileReference; fileEncoding = 4; lastKnownFileType = sourcecode.c.objc; path = LobbyViewController.m; sourceTree = "<group>"; };
		5ED9BB071B85540A004D1642 /* Accounts.framework */ = {isa = PBXFileReference; lastKnownFileType = wrapper.framework; name = Accounts.framework; path = System/Library/Frameworks/Accounts.framework; sourceTree = SDKROOT; };
		5ED9BB091B855418004D1642 /* Social.framework */ = {isa = PBXFileReference; lastKnownFileType = wrapper.framework; name = Social.framework; path = System/Library/Frameworks/Social.framework; sourceTree = SDKROOT; };
		5EDD13351B9D4C6C0032454C /* RoastNavigationController.swift */ = {isa = PBXFileReference; fileEncoding = 4; lastKnownFileType = sourcecode.swift; path = RoastNavigationController.swift; sourceTree = "<group>"; };
		5EDE702C1B8C294D00D147C5 /* usernameViewController.h */ = {isa = PBXFileReference; fileEncoding = 4; lastKnownFileType = sourcecode.c.h; path = usernameViewController.h; sourceTree = "<group>"; };
		5EDE702D1B8C294D00D147C5 /* usernameViewController.m */ = {isa = PBXFileReference; fileEncoding = 4; lastKnownFileType = sourcecode.c.objc; path = usernameViewController.m; sourceTree = "<group>"; };
		5EFC177B1B5DC4F600BAF475 /* FirstViewController.swift */ = {isa = PBXFileReference; fileEncoding = 4; lastKnownFileType = sourcecode.swift; path = FirstViewController.swift; sourceTree = "<group>"; };
		A00631621BBA95B24C7A35D2 /* Pods_Roast_Me_.framework */ = {isa = PBXFileReference; explicitFileType = wrapper.framework; includeInIndex = 0; path = Pods_Roast_Me_.framework; sourceTree = BUILT_PRODUCTS_DIR; };
		F2BB24FE85CEA9C0D1E1DFB2 /* Pods-Roast Me!.debug.xcconfig */ = {isa = PBXFileReference; includeInIndex = 1; lastKnownFileType = text.xcconfig; name = "Pods-Roast Me!.debug.xcconfig"; path = "Pods/Target Support Files/Pods-Roast Me!/Pods-Roast Me!.debug.xcconfig"; sourceTree = "<group>"; };
		F8B780B2B5446FBF51DC47E0 /* Pods-Roast Me!.release.xcconfig */ = {isa = PBXFileReference; includeInIndex = 1; lastKnownFileType = text.xcconfig; name = "Pods-Roast Me!.release.xcconfig"; path = "Pods/Target Support Files/Pods-Roast Me!/Pods-Roast Me!.release.xcconfig"; sourceTree = "<group>"; };
/* End PBXFileReference section */

/* Begin PBXFrameworksBuildPhase section */
		5EA55C9F1B588516004AF7E4 /* Frameworks */ = {
			isa = PBXFrameworksBuildPhase;
			buildActionMask = 2147483647;
			files = (
				5ED9BB0A1B855418004D1642 /* Social.framework in Frameworks */,
				5ED9BB081B85540A004D1642 /* Accounts.framework in Frameworks */,
				60A249AAE895FA838C44BA8D /* Pods_Roast_Me_.framework in Frameworks */,
			);
			runOnlyForDeploymentPostprocessing = 0;
		};
		5EA55CB81B588517004AF7E4 /* Frameworks */ = {
			isa = PBXFrameworksBuildPhase;
			buildActionMask = 2147483647;
			files = (
			);
			runOnlyForDeploymentPostprocessing = 0;
		};
/* End PBXFrameworksBuildPhase section */

/* Begin PBXGroup section */
		33B82287046C5E2E02945B71 /* Frameworks */ = {
			isa = PBXGroup;
			children = (
				5ED9BB091B855418004D1642 /* Social.framework */,
				5ED9BB071B85540A004D1642 /* Accounts.framework */,
				A00631621BBA95B24C7A35D2 /* Pods_Roast_Me_.framework */,
			);
			name = Frameworks;
			sourceTree = "<group>";
		};
		5EA55C991B588516004AF7E4 = {
			isa = PBXGroup;
			children = (
				5EA55CA41B588516004AF7E4 /* Roast Me! */,
				5EA55CBE1B588517004AF7E4 /* Roast Me!Tests */,
				5EA55CA31B588516004AF7E4 /* Products */,
				66964589BA6D703935735A4C /* Pods */,
				33B82287046C5E2E02945B71 /* Frameworks */,
			);
			sourceTree = "<group>";
		};
		5EA55CA31B588516004AF7E4 /* Products */ = {
			isa = PBXGroup;
			children = (
				5EA55CA21B588516004AF7E4 /* Roast Me!.app */,
				5EA55CBB1B588517004AF7E4 /* Roast Me!Tests.xctest */,
			);
			name = Products;
			sourceTree = "<group>";
		};
		5EA55CA41B588516004AF7E4 /* Roast Me! */ = {
			isa = PBXGroup;
			children = (
				5ED7118D1B92C05900D79190 /* Fonts */,
				5EA560F91B5A4EB8004AF7E4 /* Src */,
				5EA55CAF1B588517004AF7E4 /* Main.storyboard */,
				5EA560FA1B5A4EEC004AF7E4 /* Other */,
				5EA55CA51B588517004AF7E4 /* Supporting Files */,
			);
			path = "Roast Me!";
			sourceTree = "<group>";
		};
		5EA55CA51B588517004AF7E4 /* Supporting Files */ = {
			isa = PBXGroup;
			children = (
				5EA55CA61B588517004AF7E4 /* Info.plist */,
				5EA55CA71B588517004AF7E4 /* main.m */,
			);
			name = "Supporting Files";
			sourceTree = "<group>";
		};
		5EA55CBE1B588517004AF7E4 /* Roast Me!Tests */ = {
			isa = PBXGroup;
			children = (
				5EA55CC11B588517004AF7E4 /* Roast_Me_Tests.m */,
				5EA55CBF1B588517004AF7E4 /* Supporting Files */,
			);
			path = "Roast Me!Tests";
			sourceTree = "<group>";
		};
		5EA55CBF1B588517004AF7E4 /* Supporting Files */ = {
			isa = PBXGroup;
			children = (
				5EA55CC01B588517004AF7E4 /* Info.plist */,
			);
			name = "Supporting Files";
			sourceTree = "<group>";
		};
		5EA560E21B59B3D0004AF7E4 /* Login */ = {
			isa = PBXGroup;
			children = (
				5EFC177B1B5DC4F600BAF475 /* FirstViewController.swift */,
				5EA560E31B59B3EA004AF7E4 /* AMLoginViewController.h */,
				5EA560E41B59B3EA004AF7E4 /* AMLoginViewController.m */,
				5EDE702C1B8C294D00D147C5 /* usernameViewController.h */,
				5EDE702D1B8C294D00D147C5 /* usernameViewController.m */,
				5EA560E51B59B3EA004AF7E4 /* BlurView.h */,
				5EA560E61B59B3EA004AF7E4 /* BlurView.m */,
				5EA560E71B59B3EA004AF7E4 /* demoVideo.mp4 */,
			);
			name = Login;
			sourceTree = "<group>";
		};
		5EA560F91B5A4EB8004AF7E4 /* Src */ = {
			isa = PBXGroup;
			children = (
				5EA560E21B59B3D0004AF7E4 /* Login */,
				5EFFC8511B7EC00F00C49392 /* View Controllers */,
				5EA55CD31B58862E004AF7E4 /* AppDelegate.h */,
				5EA55CD41B58862E004AF7E4 /* AppDelegate.m */,
			);
			name = Src;
			sourceTree = "<group>";
		};
		5EA560FA1B5A4EEC004AF7E4 /* Other */ = {
			isa = PBXGroup;
			children = (
				5EA55CB21B588517004AF7E4 /* Images.xcassets */,
				5EA55CD01B5885D8004AF7E4 /* Roast Me!-Bridging-Header.h */,
				5EA55CB41B588517004AF7E4 /* LaunchScreen.xib */,
			);
			name = Other;
			sourceTree = "<group>";
		};
		5ED7118D1B92C05900D79190 /* Fonts */ = {
			isa = PBXGroup;
			children = (
				5ED7118B1B92C05300D79190 /* Titillium-Regular.otf */,
			);
			name = Fonts;
			sourceTree = "<group>";
		};
		5ED9BAF91B8408E2004D1642 /* RoastGameViewController */ = {
			isa = PBXGroup;
			children = (
				5E75559A1B8173D700AB9382 /* RoastGameViewController.h */,
				5E75559B1B8173D700AB9382 /* RoastGameViewController.m */,
			);
			name = RoastGameViewController;
			sourceTree = "<group>";
		};
		5ED9BAFA1B8408F9004D1642 /* SubmitViewController */ = {
			isa = PBXGroup;
			children = (
				5E75559D1B82D65000AB9382 /* SubmitRoastViewController.h */,
				5E75559E1B82D65000AB9382 /* SubmitRoastViewController.m */,
			);
			name = SubmitViewController;
			sourceTree = "<group>";
		};
		5ED9BAFE1B8413B2004D1642 /* MainMenuSideViewController */ = {
			isa = PBXGroup;
			children = (
				5ED9BAFB1B8413A9004D1642 /* MainMenuSideViewController.h */,
				5ED9BAFC1B8413A9004D1642 /* MainMenuSideViewController.m */,
			);
			name = MainMenuSideViewController;
			sourceTree = "<group>";
		};
		5EDE70291B85E16500D147C5 /* LobbyViewController */ = {
			isa = PBXGroup;
			children = (
				5ED9BB011B849B91004D1642 /* LobbyViewController.h */,
				5ED9BB021B849B91004D1642 /* LobbyViewController.m */,
			);
			name = LobbyViewController;
			sourceTree = "<group>";
		};
		5EFFC8511B7EC00F00C49392 /* View Controllers */ = {
			isa = PBXGroup;
			children = (
				5ED9BAF91B8408E2004D1642 /* RoastGameViewController */,
				5EDE70291B85E16500D147C5 /* LobbyViewController */,
				5ED9BAFA1B8408F9004D1642 /* SubmitViewController */,
				5ED9BAFE1B8413B2004D1642 /* MainMenuSideViewController */,
				5EDD13351B9D4C6C0032454C /* RoastNavigationController.swift */,
			);
			name = "View Controllers";
			sourceTree = "<group>";
		};
		66964589BA6D703935735A4C /* Pods */ = {
			isa = PBXGroup;
			children = (
				F2BB24FE85CEA9C0D1E1DFB2 /* Pods-Roast Me!.debug.xcconfig */,
				F8B780B2B5446FBF51DC47E0 /* Pods-Roast Me!.release.xcconfig */,
			);
			name = Pods;
			sourceTree = "<group>";
		};
/* End PBXGroup section */

/* Begin PBXNativeTarget section */
		5EA55CA11B588516004AF7E4 /* Roast Me! */ = {
			isa = PBXNativeTarget;
			buildConfigurationList = 5EA55CC51B588517004AF7E4 /* Build configuration list for PBXNativeTarget "Roast Me!" */;
			buildPhases = (
				A3BD22148CC64D9EAFE03C28 /* Check Pods Manifest.lock */,
				5EA55C9E1B588516004AF7E4 /* Sources */,
				5EA55C9F1B588516004AF7E4 /* Frameworks */,
				5EA55CA01B588516004AF7E4 /* Resources */,
				9780A0C58C36FEA7A575108C /* Copy Pods Resources */,
				7C45B45E4E0021EEFCFC89C2 /* Embed Pods Frameworks */,
			);
			buildRules = (
			);
			dependencies = (
			);
			name = "Roast Me!";
			productName = "Roast Me!";
			productReference = 5EA55CA21B588516004AF7E4 /* Roast Me!.app */;
			productType = "com.apple.product-type.application";
		};
		5EA55CBA1B588517004AF7E4 /* Roast Me!Tests */ = {
			isa = PBXNativeTarget;
			buildConfigurationList = 5EA55CC81B588517004AF7E4 /* Build configuration list for PBXNativeTarget "Roast Me!Tests" */;
			buildPhases = (
				5EA55CB71B588517004AF7E4 /* Sources */,
				5EA55CB81B588517004AF7E4 /* Frameworks */,
				5EA55CB91B588517004AF7E4 /* Resources */,
			);
			buildRules = (
			);
			dependencies = (
				5EA55CBD1B588517004AF7E4 /* PBXTargetDependency */,
			);
			name = "Roast Me!Tests";
			productName = "Roast Me!Tests";
			productReference = 5EA55CBB1B588517004AF7E4 /* Roast Me!Tests.xctest */;
			productType = "com.apple.product-type.bundle.unit-test";
		};
/* End PBXNativeTarget section */

/* Begin PBXProject section */
		5EA55C9A1B588516004AF7E4 /* Project object */ = {
			isa = PBXProject;
			attributes = {
				LastUpgradeCheck = 0640;
				ORGANIZATIONNAME = "Zack S Kim";
				TargetAttributes = {
					5EA55CA11B588516004AF7E4 = {
						CreatedOnToolsVersion = 6.4;
						DevelopmentTeam = 3LHD4EH43J;
					};
					5EA55CBA1B588517004AF7E4 = {
						CreatedOnToolsVersion = 6.4;
						TestTargetID = 5EA55CA11B588516004AF7E4;
					};
				};
			};
			buildConfigurationList = 5EA55C9D1B588516004AF7E4 /* Build configuration list for PBXProject "Roast Me!" */;
			compatibilityVersion = "Xcode 3.2";
			developmentRegion = English;
			hasScannedForEncodings = 0;
			knownRegions = (
				en,
				Base,
			);
			mainGroup = 5EA55C991B588516004AF7E4;
			productRefGroup = 5EA55CA31B588516004AF7E4 /* Products */;
			projectDirPath = "";
			projectRoot = "";
			targets = (
				5EA55CA11B588516004AF7E4 /* Roast Me! */,
				5EA55CBA1B588517004AF7E4 /* Roast Me!Tests */,
			);
		};
/* End PBXProject section */

/* Begin PBXResourcesBuildPhase section */
		5EA55CA01B588516004AF7E4 /* Resources */ = {
			isa = PBXResourcesBuildPhase;
			buildActionMask = 2147483647;
			files = (
				5EA560F01B59B3EA004AF7E4 /* demoVideo.mp4 in Resources */,
				5EA55CB11B588517004AF7E4 /* Main.storyboard in Resources */,
				5EA55CB61B588517004AF7E4 /* LaunchScreen.xib in Resources */,
				5EA55CB31B588517004AF7E4 /* Images.xcassets in Resources */,
				5ED7118C1B92C05300D79190 /* Titillium-Regular.otf in Resources */,
			);
			runOnlyForDeploymentPostprocessing = 0;
		};
		5EA55CB91B588517004AF7E4 /* Resources */ = {
			isa = PBXResourcesBuildPhase;
			buildActionMask = 2147483647;
			files = (
			);
			runOnlyForDeploymentPostprocessing = 0;
		};
/* End PBXResourcesBuildPhase section */

/* Begin PBXShellScriptBuildPhase section */
		7C45B45E4E0021EEFCFC89C2 /* Embed Pods Frameworks */ = {
			isa = PBXShellScriptBuildPhase;
			buildActionMask = 2147483647;
			files = (
			);
			inputPaths = (
			);
			name = "Embed Pods Frameworks";
			outputPaths = (
			);
			runOnlyForDeploymentPostprocessing = 0;
			shellPath = /bin/sh;
			shellScript = "\"${SRCROOT}/Pods/Target Support Files/Pods-Roast Me!/Pods-Roast Me!-frameworks.sh\"\n";
			showEnvVarsInLog = 0;
		};
		9780A0C58C36FEA7A575108C /* Copy Pods Resources */ = {
			isa = PBXShellScriptBuildPhase;
			buildActionMask = 2147483647;
			files = (
			);
			inputPaths = (
			);
			name = "Copy Pods Resources";
			outputPaths = (
			);
			runOnlyForDeploymentPostprocessing = 0;
			shellPath = /bin/sh;
			shellScript = "\"${SRCROOT}/Pods/Target Support Files/Pods-Roast Me!/Pods-Roast Me!-resources.sh\"\n";
			showEnvVarsInLog = 0;
		};
		A3BD22148CC64D9EAFE03C28 /* Check Pods Manifest.lock */ = {
			isa = PBXShellScriptBuildPhase;
			buildActionMask = 2147483647;
			files = (
			);
			inputPaths = (
			);
			name = "Check Pods Manifest.lock";
			outputPaths = (
			);
			runOnlyForDeploymentPostprocessing = 0;
			shellPath = /bin/sh;
			shellScript = "diff \"${PODS_ROOT}/../Podfile.lock\" \"${PODS_ROOT}/Manifest.lock\" > /dev/null\nif [[ $? != 0 ]] ; then\n    cat << EOM\nerror: The sandbox is not in sync with the Podfile.lock. Run 'pod install' or update your CocoaPods installation.\nEOM\n    exit 1\nfi\n";
			showEnvVarsInLog = 0;
		};
/* End PBXShellScriptBuildPhase section */

/* Begin PBXSourcesBuildPhase section */
		5EA55C9E1B588516004AF7E4 /* Sources */ = {
			isa = PBXSourcesBuildPhase;
			buildActionMask = 2147483647;
			files = (
				5E75559C1B8173D700AB9382 /* RoastGameViewController.m in Sources */,
				5EDD13361B9D4C6C0032454C /* RoastNavigationController.swift in Sources */,
				5EA560EE1B59B3EA004AF7E4 /* AMLoginViewController.m in Sources */,
				5EDE702E1B8C294D00D147C5 /* usernameViewController.m in Sources */,
				5EA55CD51B58862E004AF7E4 /* AppDelegate.m in Sources */,
				5E75559F1B82D65000AB9382 /* SubmitRoastViewController.m in Sources */,
				5ED9BB031B849B91004D1642 /* LobbyViewController.m in Sources */,
				5EA560EF1B59B3EA004AF7E4 /* BlurView.m in Sources */,
				5EFC177C1B5DC4F600BAF475 /* FirstViewController.swift in Sources */,
				5ED9BAFD1B8413A9004D1642 /* MainMenuSideViewController.m in Sources */,
				5EA55CA81B588517004AF7E4 /* main.m in Sources */,
			);
			runOnlyForDeploymentPostprocessing = 0;
		};
		5EA55CB71B588517004AF7E4 /* Sources */ = {
			isa = PBXSourcesBuildPhase;
			buildActionMask = 2147483647;
			files = (
				5EA55CC21B588517004AF7E4 /* Roast_Me_Tests.m in Sources */,
			);
			runOnlyForDeploymentPostprocessing = 0;
		};
/* End PBXSourcesBuildPhase section */

/* Begin PBXTargetDependency section */
		5EA55CBD1B588517004AF7E4 /* PBXTargetDependency */ = {
			isa = PBXTargetDependency;
			target = 5EA55CA11B588516004AF7E4 /* Roast Me! */;
			targetProxy = 5EA55CBC1B588517004AF7E4 /* PBXContainerItemProxy */;
		};
/* End PBXTargetDependency section */

/* Begin PBXVariantGroup section */
		5EA55CAF1B588517004AF7E4 /* Main.storyboard */ = {
			isa = PBXVariantGroup;
			children = (
				5EA55CB01B588517004AF7E4 /* Base */,
			);
			name = Main.storyboard;
			sourceTree = "<group>";
		};
		5EA55CB41B588517004AF7E4 /* LaunchScreen.xib */ = {
			isa = PBXVariantGroup;
			children = (
				5EA55CB51B588517004AF7E4 /* Base */,
			);
			name = LaunchScreen.xib;
			sourceTree = "<group>";
		};
/* End PBXVariantGroup section */

/* Begin XCBuildConfiguration section */
		5EA55CC31B588517004AF7E4 /* Debug */ = {
			isa = XCBuildConfiguration;
			buildSettings = {
				ALWAYS_SEARCH_USER_PATHS = NO;
				CLANG_CXX_LANGUAGE_STANDARD = "gnu++0x";
				CLANG_CXX_LIBRARY = "libc++";
				CLANG_ENABLE_MODULES = YES;
				CLANG_ENABLE_OBJC_ARC = YES;
				CLANG_WARN_BOOL_CONVERSION = YES;
				CLANG_WARN_CONSTANT_CONVERSION = YES;
				CLANG_WARN_DIRECT_OBJC_ISA_USAGE = YES_ERROR;
				CLANG_WARN_EMPTY_BODY = YES;
				CLANG_WARN_ENUM_CONVERSION = YES;
				CLANG_WARN_INT_CONVERSION = YES;
				CLANG_WARN_OBJC_ROOT_CLASS = YES_ERROR;
				CLANG_WARN_UNREACHABLE_CODE = YES;
				CLANG_WARN__DUPLICATE_METHOD_MATCH = YES;
				"CODE_SIGN_IDENTITY[sdk=iphoneos*]" = "iPhone Developer";
				COPY_PHASE_STRIP = NO;
				DEBUG_INFORMATION_FORMAT = "dwarf-with-dsym";
				ENABLE_STRICT_OBJC_MSGSEND = YES;
				GCC_C_LANGUAGE_STANDARD = gnu99;
				GCC_DYNAMIC_NO_PIC = NO;
				GCC_NO_COMMON_BLOCKS = YES;
				GCC_OPTIMIZATION_LEVEL = 0;
				GCC_PREPROCESSOR_DEFINITIONS = (
					"DEBUG=1",
					"$(inherited)",
				);
				GCC_SYMBOLS_PRIVATE_EXTERN = NO;
				GCC_WARN_64_TO_32_BIT_CONVERSION = YES;
				GCC_WARN_ABOUT_RETURN_TYPE = YES_ERROR;
				GCC_WARN_UNDECLARED_SELECTOR = YES;
				GCC_WARN_UNINITIALIZED_AUTOS = YES_AGGRESSIVE;
				GCC_WARN_UNUSED_FUNCTION = YES;
				GCC_WARN_UNUSED_VARIABLE = YES;
				IPHONEOS_DEPLOYMENT_TARGET = 8.4;
				MTL_ENABLE_DEBUG_INFO = YES;
				ONLY_ACTIVE_ARCH = YES;
				SDKROOT = iphoneos;
				TARGETED_DEVICE_FAMILY = "1,2";
			};
			name = Debug;
		};
		5EA55CC41B588517004AF7E4 /* Release */ = {
			isa = XCBuildConfiguration;
			buildSettings = {
				ALWAYS_SEARCH_USER_PATHS = NO;
				CLANG_CXX_LANGUAGE_STANDARD = "gnu++0x";
				CLANG_CXX_LIBRARY = "libc++";
				CLANG_ENABLE_MODULES = YES;
				CLANG_ENABLE_OBJC_ARC = YES;
				CLANG_WARN_BOOL_CONVERSION = YES;
				CLANG_WARN_CONSTANT_CONVERSION = YES;
				CLANG_WARN_DIRECT_OBJC_ISA_USAGE = YES_ERROR;
				CLANG_WARN_EMPTY_BODY = YES;
				CLANG_WARN_ENUM_CONVERSION = YES;
				CLANG_WARN_INT_CONVERSION = YES;
				CLANG_WARN_OBJC_ROOT_CLASS = YES_ERROR;
				CLANG_WARN_UNREACHABLE_CODE = YES;
				CLANG_WARN__DUPLICATE_METHOD_MATCH = YES;
				"CODE_SIGN_IDENTITY[sdk=iphoneos*]" = "iPhone Developer";
				COPY_PHASE_STRIP = NO;
				DEBUG_INFORMATION_FORMAT = "dwarf-with-dsym";
				ENABLE_NS_ASSERTIONS = NO;
				ENABLE_STRICT_OBJC_MSGSEND = YES;
				GCC_C_LANGUAGE_STANDARD = gnu99;
				GCC_NO_COMMON_BLOCKS = YES;
				GCC_WARN_64_TO_32_BIT_CONVERSION = YES;
				GCC_WARN_ABOUT_RETURN_TYPE = YES_ERROR;
				GCC_WARN_UNDECLARED_SELECTOR = YES;
				GCC_WARN_UNINITIALIZED_AUTOS = YES_AGGRESSIVE;
				GCC_WARN_UNUSED_FUNCTION = YES;
				GCC_WARN_UNUSED_VARIABLE = YES;
				IPHONEOS_DEPLOYMENT_TARGET = 8.4;
				MTL_ENABLE_DEBUG_INFO = NO;
				SDKROOT = iphoneos;
				TARGETED_DEVICE_FAMILY = "1,2";
				VALIDATE_PRODUCT = YES;
			};
			name = Release;
		};
		5EA55CC61B588517004AF7E4 /* Debug */ = {
			isa = XCBuildConfiguration;
			baseConfigurationReference = F2BB24FE85CEA9C0D1E1DFB2 /* Pods-Roast Me!.debug.xcconfig */;
			buildSettings = {
				ASSETCATALOG_COMPILER_APPICON_NAME = AppIcon;
				ASSETCATALOG_COMPILER_LAUNCHIMAGE_NAME = LaunchImage;
				CLANG_ENABLE_MODULES = YES;
				CODE_SIGN_IDENTITY = "iPhone Developer";
				"CODE_SIGN_IDENTITY[sdk=iphoneos*]" = "iPhone Developer";
				GCC_PRECOMPILE_PREFIX_HEADER = NO;
				INFOPLIST_FILE = "Roast Me!/Info.plist";
				LD_RUNPATH_SEARCH_PATHS = "$(inherited) @executable_path/Frameworks";
				OTHER_LDFLAGS = (
					"$(inherited)",
					"-l\"c++\"",
					"-l\"icucore\"",
					"-framework",
					"\"Bolts\"",
					"-framework",
					"\"CFNetwork\"",
					"-framework",
					"\"FBSDKCoreKit\"",
					"-framework",
					"\"FBSDKLoginKit\"",
					"-framework",
					"\"FBSDKShareKit\"",
					"-framework",
					"\"Firebase\"",
					"-framework",
					"\"GPUImage\"",
					"-framework",
					"\"Security\"",
					"-framework",
					"\"SystemConfiguration\"",
					"-framework",
					"\"XHAmazingLoading\"",
					"-ObjC",
				);
				PRODUCT_NAME = "$(TARGET_NAME)";
				PROVISIONING_PROFILE = "";
				SWIFT_OBJC_BRIDGING_HEADER = "Roast Me!/Roast Me!-Bridging-Header.h";
				SWIFT_OPTIMIZATION_LEVEL = "-Onone";
			};
			name = Debug;
		};
		5EA55CC71B588517004AF7E4 /* Release */ = {
			isa = XCBuildConfiguration;
			baseConfigurationReference = F8B780B2B5446FBF51DC47E0 /* Pods-Roast Me!.release.xcconfig */;
			buildSettings = {
				ASSETCATALOG_COMPILER_APPICON_NAME = AppIcon;
				ASSETCATALOG_COMPILER_LAUNCHIMAGE_NAME = LaunchImage;
				CLANG_ENABLE_MODULES = YES;
				CODE_SIGN_IDENTITY = "iPhone Developer";
				"CODE_SIGN_IDENTITY[sdk=iphoneos*]" = "iPhone Developer";
				GCC_PRECOMPILE_PREFIX_HEADER = NO;
				INFOPLIST_FILE = "Roast Me!/Info.plist";
				LD_RUNPATH_SEARCH_PATHS = "$(inherited) @executable_path/Frameworks";
				OTHER_LDFLAGS = (
					"$(inherited)",
					"-l\"c++\"",
					"-l\"icucore\"",
					"-framework",
					"\"Bolts\"",
					"-framework",
					"\"CFNetwork\"",
					"-framework",
					"\"FBSDKCoreKit\"",
					"-framework",
					"\"FBSDKLoginKit\"",
					"-framework",
					"\"FBSDKShareKit\"",
					"-framework",
					"\"Firebase\"",
					"-framework",
					"\"GPUImage\"",
					"-framework",
					"\"Security\"",
					"-framework",
					"\"SystemConfiguration\"",
					"-framework",
					"\"XHAmazingLoading\"",
					"-ObjC",
				);
				PRODUCT_NAME = "$(TARGET_NAME)";
				PROVISIONING_PROFILE = "";
				SWIFT_OBJC_BRIDGING_HEADER = "Roast Me!/Roast Me!-Bridging-Header.h";
			};
			name = Release;
		};
		5EA55CC91B588517004AF7E4 /* Debug */ = {
			isa = XCBuildConfiguration;
			buildSettings = {
				BUNDLE_LOADER = "$(TEST_HOST)";
				FRAMEWORK_SEARCH_PATHS = (
					"$(SDKROOT)/Developer/Library/Frameworks",
					"$(inherited)",
				);
				GCC_PREPROCESSOR_DEFINITIONS = (
					"DEBUG=1",
					"$(inherited)",
				);
				INFOPLIST_FILE = "Roast Me!Tests/Info.plist";
				LD_RUNPATH_SEARCH_PATHS = "$(inherited) @executable_path/Frameworks @loader_path/Frameworks";
				PRODUCT_NAME = "$(TARGET_NAME)";
				TEST_HOST = "$(BUILT_PRODUCTS_DIR)/Roast Me!.app/Roast Me!";
			};
			name = Debug;
		};
		5EA55CCA1B588517004AF7E4 /* Release */ = {
			isa = XCBuildConfiguration;
			buildSettings = {
				BUNDLE_LOADER = "$(TEST_HOST)";
				FRAMEWORK_SEARCH_PATHS = (
					"$(SDKROOT)/Developer/Library/Frameworks",
					"$(inherited)",
				);
				INFOPLIST_FILE = "Roast Me!Tests/Info.plist";
				LD_RUNPATH_SEARCH_PATHS = "$(inherited) @executable_path/Frameworks @loader_path/Frameworks";
				PRODUCT_NAME = "$(TARGET_NAME)";
				TEST_HOST = "$(BUILT_PRODUCTS_DIR)/Roast Me!.app/Roast Me!";
			};
			name = Release;
		};
/* End XCBuildConfiguration section */

/* Begin XCConfigurationList section */
		5EA55C9D1B588516004AF7E4 /* Build configuration list for PBXProject "Roast Me!" */ = {
			isa = XCConfigurationList;
			buildConfigurations = (
				5EA55CC31B588517004AF7E4 /* Debug */,
				5EA55CC41B588517004AF7E4 /* Release */,
			);
			defaultConfigurationIsVisible = 0;
			defaultConfigurationName = Release;
		};
		5EA55CC51B588517004AF7E4 /* Build configuration list for PBXNativeTarget "Roast Me!" */ = {
			isa = XCConfigurationList;
			buildConfigurations = (
				5EA55CC61B588517004AF7E4 /* Debug */,
				5EA55CC71B588517004AF7E4 /* Release */,
			);
			defaultConfigurationIsVisible = 0;
			defaultConfigurationName = Release;
		};
		5EA55CC81B588517004AF7E4 /* Build configuration list for PBXNativeTarget "Roast Me!Tests" */ = {
			isa = XCConfigurationList;
			buildConfigurations = (
				5EA55CC91B588517004AF7E4 /* Debug */,
				5EA55CCA1B588517004AF7E4 /* Release */,
			);
			defaultConfigurationIsVisible = 0;
			defaultConfigurationName = Release;
		};
/* End XCConfigurationList section */
	};
	rootObject = 5EA55C9A1B588516004AF7E4 /* Project object */;
}
